
Microsoft Visual Studio Solution File, Format Version 12.00
# Visual Studio Version 17
VisualStudioVersion = 17.14.36310.24 d17.14
MinimumVisualStudioVersion = 10.0.40219.1
Project("{FAE04EC0-301F-11D3-BF4B-00C04F79EFBC}") = "payphone.wallet.persistence", "payphone.wallet.persistence\payphone.wallet.persistence.csproj", "{B034131A-4DF2-406B-995C-B514284DB416}"
EndProject
Global
	GlobalSection(SolutionConfigurationPlatforms) = preSolution
		Debug|Any CPU = Debug|Any CPU
		Release|Any CPU = Release|Any CPU
	EndGlobalSection
	GlobalSection(ProjectConfigurationPlatforms) = postSolution
		{B034131A-4DF2-406B-995C-B514284DB416}.Debug|Any CPU.ActiveCfg = Debug|Any CPU
		{B034131A-4DF2-406B-995C-B514284DB416}.Debug|Any CPU.Build.0 = Debug|Any CPU
		{B034131A-4DF2-406B-995C-B514284DB416}.Release|Any CPU.ActiveCfg = Release|Any CPU
		{B034131A-4DF2-406B-995C-B514284DB416}.Release|Any CPU.Build.0 = Release|Any CPU
	EndGlobalSection
	GlobalSection(SolutionProperties) = preSolution
		HideSolutionNode = FALSE
	EndGlobalSection
	GlobalSection(ExtensibilityGlobals) = postSolution
		SolutionGuid = {1604EE94-6A45-4C8A-A3C6-7421DA84F69D}
	EndGlobalSection
EndGlobal
